
Microsoft Visual Studio Solution File, Format Version 12.00
# Visual Studio 15
VisualStudioVersion = 15.0.26430.6
MinimumVisualStudioVersion = 10.0.40219.1
Project("{9A19103F-16F7-4668-BE54-9A1E7A4F7556}") = "Tests", "Tests\Tests.csproj", "{D61AB917-3DB3-4F9A-B930-5BACC5FE1719}"
EndProject
Project("{9A19103F-16F7-4668-BE54-9A1E7A4F7556}") = "Statsd", "Statsd\Statsd.csproj", "{698AEFA7-F1A0-45A0-9A25-7636278CFE38}"
EndProject
Global
	GlobalSection(SolutionConfigurationPlatforms) = preSolution
		Debug|Any CPU = Debug|Any CPU
		Release|Any CPU = Release|Any CPU
	EndGlobalSection
	GlobalSection(ProjectConfigurationPlatforms) = postSolution
		{D61AB917-3DB3-4F9A-B930-5BACC5FE1719}.Debug|Any CPU.ActiveCfg = Debug|Any CPU
		{D61AB917-3DB3-4F9A-B930-5BACC5FE1719}.Debug|Any CPU.Build.0 = Debug|Any CPU
		{D61AB917-3DB3-4F9A-B930-5BACC5FE1719}.Release|Any CPU.ActiveCfg = Release|Any CPU
		{D61AB917-3DB3-4F9A-B930-5BACC5FE1719}.Release|Any CPU.Build.0 = Release|Any CPU
		{698AEFA7-F1A0-45A0-9A25-7636278CFE38}.Debug|Any CPU.ActiveCfg = Debug|Any CPU
		{698AEFA7-F1A0-45A0-9A25-7636278CFE38}.Debug|Any CPU.Build.0 = Debug|Any CPU
		{698AEFA7-F1A0-45A0-9A25-7636278CFE38}.Release|Any CPU.ActiveCfg = Release|Any CPU
		{698AEFA7-F1A0-45A0-9A25-7636278CFE38}.Release|Any CPU.Build.0 = Release|Any CPU
	EndGlobalSection
	GlobalSection(SolutionProperties) = preSolution
		HideSolutionNode = FALSE
	EndGlobalSection
EndGlobal
